
Microsoft Visual Studio Solution File, Format Version 12.00
# Visual Studio Version 17
VisualStudioVersion = 17.8.34322.80
MinimumVisualStudioVersion = 10.0.40219.1
Project("{FAE04EC0-301F-11D3-BF4B-00C04F79EFBC}") = "AdventOfCode", "AdventOfCode\AdventOfCode.csproj", "{AF12B789-76CF-41B6-9A0D-BC4CE4FD162D}"
EndProject
Global
	GlobalSection(SolutionConfigurationPlatforms) = preSolution
		Debug|Any CPU = Debug|Any CPU
		Release|Any CPU = Release|Any CPU
	EndGlobalSection
	GlobalSection(ProjectConfigurationPlatforms) = postSolution
		{AF12B789-76CF-41B6-9A0D-BC4CE4FD162D}.Debug|Any CPU.ActiveCfg = Debug|Any CPU
		{AF12B789-76CF-41B6-9A0D-BC4CE4FD162D}.Debug|Any CPU.Build.0 = Debug|Any CPU
		{AF12B789-76CF-41B6-9A0D-BC4CE4FD162D}.Release|Any CPU.ActiveCfg = Release|Any CPU
		{AF12B789-76CF-41B6-9A0D-BC4CE4FD162D}.Release|Any CPU.Build.0 = Release|Any CPU
	EndGlobalSection
	GlobalSection(SolutionProperties) = preSolution
		HideSolutionNode = FALSE
	EndGlobalSection
	GlobalSection(ExtensibilityGlobals) = postSolution
		SolutionGuid = {7D56C526-2919-4BB0-80D7-637CE8A7EA23}
	EndGlobalSection
EndGlobal
